// !$*UTF8*$!
{
	archiveVersion = 1;
	classes = {
	};
	objectVersion = 46;
	objects = {

/* Begin PBXBuildFile section */
		BCDE508E1DA2857000E18014 /* AppDelegate.swift in Sources */ = {isa = PBXBuildFile; fileRef = BCDE508D1DA2857000E18014 /* AppDelegate.swift */; };
		BCDE50901DA2857000E18014 /* ViewController.swift in Sources */ = {isa = PBXBuildFile; fileRef = BCDE508F1DA2857000E18014 /* ViewController.swift */; };
		BCDE50931DA2857000E18014 /* Main.storyboard in Resources */ = {isa = PBXBuildFile; fileRef = BCDE50911DA2857000E18014 /* Main.storyboard */; };
		BCDE50951DA2857000E18014 /* Assets.xcassets in Resources */ = {isa = PBXBuildFile; fileRef = BCDE50941DA2857000E18014 /* Assets.xcassets */; };
		BCDE50981DA2857000E18014 /* LaunchScreen.storyboard in Resources */ = {isa = PBXBuildFile; fileRef = BCDE50961DA2857000E18014 /* LaunchScreen.storyboard */; };
/* End PBXBuildFile section */

/* Begin PBXFileReference section */
		BCDE508A1DA2857000E18014 /* Peter-L1.app */ = {isa = PBXFileReference; explicitFileType = wrapper.application; includeInIndex = 0; path = "Peter-L1.app"; sourceTree = BUILT_PRODUCTS_DIR; };
		BCDE508D1DA2857000E18014 /* AppDelegate.swift */ = {isa = PBXFileReference; lastKnownFileType = sourcecode.swift; path = AppDelegate.swift; sourceTree = "<group>"; };
		BCDE508F1DA2857000E18014 /* ViewController.swift */ = {isa = PBXFileReference; lastKnownFileType = sourcecode.swift; path = ViewController.swift; sourceTree = "<group>"; };
		BCDE50921DA2857000E18014 /* Base */ = {isa = PBXFileReference; lastKnownFileType = file.storyboard; name = Base; path = Base.lproj/Main.storyboard; sourceTree = "<group>"; };
		BCDE50941DA2857000E18014 /* Assets.xcassets */ = {isa = PBXFileReference; lastKnownFileType = folder.assetcatalog; path = Assets.xcassets; sourceTree = "<group>"; };
		BCDE50971DA2857000E18014 /* Base */ = {isa = PBXFileReference; lastKnownFileType = file.storyboard; name = Base; path = Base.lproj/LaunchScreen.storyboard; sourceTree = "<group>"; };
		BCDE50991DA2857000E18014 /* Info.plist */ = {isa = PBXFileReference; lastKnownFileType = text.plist.xml; path = Info.plist; sourceTree = "<group>"; };
/* End PBXFileReference section */

/* Begin PBXFrameworksBuildPhase section */
		BCDE50871DA2857000E18014 /* Frameworks */ = {
			isa = PBXFrameworksBuildPhase;
			buildActionMask = 2147483647;
			files = (
			);
			runOnlyForDeploymentPostprocessing = 0;
		};
/* End PBXFrameworksBuildPhase section */

/* Begin PBXGroup section */
		BCDE50811DA2857000E18014 = {
			isa = PBXGroup;
			children = (
				BCDE508C1DA2857000E18014 /* Peter_L1 */,
				BCDE508B1DA2857000E18014 /* Products */,
			);
			sourceTree = "<group>";
		};
		BCDE508B1DA2857000E18014 /* Products */ = {
			isa = PBXGroup;
			children = (
				BCDE508A1DA2857000E18014 /* Peter-L1.app */,
			);
			name = Products;
			sourceTree = "<group>";
		};
		BCDE508C1DA2857000E18014 /* Peter_L1 */ = {
			isa = PBXGroup;
			children = (
				BCDE508D1DA2857000E18014 /* AppDelegate.swift */,
				BCDE508F1DA2857000E18014 /* ViewController.swift */,
				BCDE50911DA2857000E18014 /* Main.storyboard */,
				BCDE50941DA2857000E18014 /* Assets.xcassets */,
				BCDE50961DA2857000E18014 /* LaunchScreen.storyboard */,
				BCDE50991DA2857000E18014 /* Info.plist */,
			);
			path = Peter_L1;
			sourceTree = "<group>";
		};
/* End PBXGroup section */

/* Begin PBXNativeTarget section */
		BCDE50891DA2857000E18014 /* Peter-L1 */ = {
			isa = PBXNativeTarget;
			buildConfigurationList = BCDE509C1DA2857000E18014 /* Build configuration list for PBXNativeTarget "Peter-L1" */;
			buildPhases = (
				BCDE50861DA2857000E18014 /* Sources */,
				BCDE50871DA2857000E18014 /* Frameworks */,
				BCDE50881DA2857000E18014 /* Resources */,
			);
			buildRules = (
			);
			dependencies = (
			);
			name = "Peter-L1";
			productName = Peter_L1;
			productReference = BCDE508A1DA2857000E18014 /* Peter-L1.app */;
			productType = "com.apple.product-type.application";
		};
/* End PBXNativeTarget section */

/* Begin PBXProject section */
		BCDE50821DA2857000E18014 /* Project object */ = {
			isa = PBXProject;
			attributes = {
				LastSwiftUpdateCheck = 0730;
				LastUpgradeCheck = 0730;
				ORGANIZATIONNAME = "zero plus";
				TargetAttributes = {
					BCDE50891DA2857000E18014 = {
						CreatedOnToolsVersion = 7.3.1;
						DevelopmentTeam = 8926RT4SPA;
						LastSwiftMigration = 0800;
					};
				};
			};
			buildConfigurationList = BCDE50851DA2857000E18014 /* Build configuration list for PBXProject "Peter-L1" */;
			compatibilityVersion = "Xcode 3.2";
			developmentRegion = English;
			hasScannedForEncodings = 0;
			knownRegions = (
				en,
				Base,
			);
			mainGroup = BCDE50811DA2857000E18014;
			productRefGroup = BCDE508B1DA2857000E18014 /* Products */;
			projectDirPath = "";
			projectRoot = "";
			targets = (
				BCDE50891DA2857000E18014 /* Peter-L1 */,
			);
		};
/* End PBXProject section */

/* Begin PBXResourcesBuildPhase section */
		BCDE50881DA2857000E18014 /* Resources */ = {
			isa = PBXResourcesBuildPhase;
			buildActionMask = 2147483647;
			files = (
				BCDE50981DA2857000E18014 /* LaunchScreen.storyboard in Resources */,
				BCDE50951DA2857000E18014 /* Assets.xcassets in Resources */,
				BCDE50931DA2857000E18014 /* Main.storyboard in Resources */,
			);
			runOnlyForDeploymentPostprocessing = 0;
		};
/* End PBXResourcesBuildPhase section */

/* Begin PBXSourcesBuildPhase section */
		BCDE50861DA2857000E18014 /* Sources */ = {
			isa = PBXSourcesBuildPhase;
			buildActionMask = 2147483647;
			files = (
				BCDE50901DA2857000E18014 /* ViewController.swift in Sources */,
				BCDE508E1DA2857000E18014 /* AppDelegate.swift in Sources */,
			);
			runOnlyForDeploymentPostprocessing = 0;
		};
/* End PBXSourcesBuildPhase section */

/* Begin PBXVariantGroup section */
		BCDE50911DA2857000E18014 /* Main.storyboard */ = {
			isa = PBXVariantGroup;
			children = (
				BCDE50921DA2857000E18014 /* Base */,
			);
			name = Main.storyboard;
			sourceTree = "<group>";
		};
		BCDE50961DA2857000E18014 /* LaunchScreen.storyboard */ = {
			isa = PBXVariantGroup;
			children = (
				BCDE50971DA2857000E18014 /* Base */,
			);
			name = LaunchScreen.storyboard;
			sourceTree = "<group>";
		};
/* End PBXVariantGroup section */

/* Begin XCBuildConfiguration section */
		BCDE509A1DA2857000E18014 /* Debug */ = {
			isa = XCBuildConfiguration;
			buildSettings = {
				ALWAYS_SEARCH_USER_PATHS = NO;
				CLANG_ANALYZER_NONNULL = YES;
				CLANG_CXX_LANGUAGE_STANDARD = "gnu++0x";
				CLANG_CXX_LIBRARY = "libc++";
				CLANG_ENABLE_MODULES = YES;
				CLANG_ENABLE_OBJC_ARC = YES;
				CLANG_WARN_BOOL_CONVERSION = YES;
				CLANG_WARN_CONSTANT_CONVERSION = YES;
				CLANG_WARN_DIRECT_OBJC_ISA_USAGE = YES_ERROR;
				CLANG_WARN_EMPTY_BODY = YES;
				CLANG_WARN_ENUM_CONVERSION = YES;
				CLANG_WARN_INT_CONVERSION = YES;
				CLANG_WARN_OBJC_ROOT_CLASS = YES_ERROR;
				CLANG_WARN_UNREACHABLE_CODE = YES;
				CLANG_WARN__DUPLICATE_METHOD_MATCH = YES;
				"CODE_SIGN_IDENTITY[sdk=iphoneos*]" = "iPhone Developer";
				COPY_PHASE_STRIP = NO;
				DEBUG_INFORMATION_FORMAT = dwarf;
				ENABLE_STRICT_OBJC_MSGSEND = YES;
				ENABLE_TESTABILITY = YES;
				GCC_C_LANGUAGE_STANDARD = gnu99;
				GCC_DYNAMIC_NO_PIC = NO;
				GCC_NO_COMMON_BLOCKS = YES;
				GCC_OPTIMIZATION_LEVEL = 0;
				GCC_PREPROCESSOR_DEFINITIONS = (
					"DEBUG=1",
					"$(inherited)",
				);
				GCC_WARN_64_TO_32_BIT_CONVERSION = YES;
				GCC_WARN_ABOUT_RETURN_TYPE = YES_ERROR;
				GCC_WARN_UNDECLARED_SELECTOR = YES;
				GCC_WARN_UNINITIALIZED_AUTOS = YES_AGGRESSIVE;
				GCC_WARN_UNUSED_FUNCTION = YES;
				GCC_WARN_UNUSED_VARIABLE = YES;
				IPHONEOS_DEPLOYMENT_TARGET = 9.3;
				MTL_ENABLE_DEBUG_INFO = YES;
				ONLY_ACTIVE_ARCH = YES;
				SDKROOT = iphoneos;
				SWIFT_OPTIMIZATION_LEVEL = "-Onone";
			};
			name = Debug;
		};
		BCDE509B1DA2857000E18014 /* Release */ = {
			isa = XCBuildConfiguration;
			buildSettings = {
				ALWAYS_SEARCH_USER_PATHS = NO;
				CLANG_ANALYZER_NONNULL = YES;
				CLANG_CXX_LANGUAGE_STANDARD = "gnu++0x";
				CLANG_CXX_LIBRARY = "libc++";
				CLANG_ENABLE_MODULES = YES;
				CLANG_ENABLE_OBJC_ARC = YES;
				CLANG_WARN_BOOL_CONVERSION = YES;
				CLANG_WARN_CONSTANT_CONVERSION = YES;
				CLANG_WARN_DIRECT_OBJC_ISA_USAGE = YES_ERROR;
				CLANG_WARN_EMPTY_BODY = YES;
				CLANG_WARN_ENUM_CONVERSION = YES;
				CLANG_WARN_INT_CONVERSION = YES;
				CLANG_WARN_OBJC_ROOT_CLASS = YES_ERROR;
				CLANG_WARN_UNREACHABLE_CODE = YES;
				CLANG_WARN__DUPLICATE_METHOD_MATCH = YES;
				"CODE_SIGN_IDENTITY[sdk=iphoneos*]" = "iPhone Developer";
				COPY_PHASE_STRIP = NO;
				DEBUG_INFORMATION_FORMAT = "dwarf-with-dsym";
				ENABLE_NS_ASSERTIONS = NO;
				ENABLE_STRICT_OBJC_MSGSEND = YES;
				GCC_C_LANGUAGE_STANDARD = gnu99;
				GCC_NO_COMMON_BLOCKS = YES;
				GCC_WARN_64_TO_32_BIT_CONVERSION = YES;
				GCC_WARN_ABOUT_RETURN_TYPE = YES_ERROR;
				GCC_WARN_UNDECLARED_SELECTOR = YES;
				GCC_WARN_UNINITIALIZED_AUTOS = YES_AGGRESSIVE;
				GCC_WARN_UNUSED_FUNCTION = YES;
				GCC_WARN_UNUSED_VARIABLE = YES;
				IPHONEOS_DEPLOYMENT_TARGET = 9.3;
				MTL_ENABLE_DEBUG_INFO = NO;
				SDKROOT = iphoneos;
				VALIDATE_PRODUCT = YES;
			};
			name = Release;
		};
		BCDE509D1DA2857000E18014 /* Debug */ = {
			isa = XCBuildConfiguration;
			buildSettings = {
				ASSETCATALOG_COMPILER_APPICON_NAME = AppIcon;
				CODE_SIGN_IDENTITY = "iPhone Developer";
				"CODE_SIGN_IDENTITY[sdk=iphoneos*]" = "iPhone Developer";
				DEVELOPMENT_TEAM = 8926RT4SPA;
				INFOPLIST_FILE = Peter_L1/Info.plist;
				LD_RUNPATH_SEARCH_PATHS = "$(inherited) @executable_path/Frameworks";
				PRODUCT_BUNDLE_IDENTIFIER = "com.wow.Peter-L1";
				PRODUCT_NAME = "$(TARGET_NAME)";
				PROVISIONING_PROFILE = "";
				SWIFT_VERSION = 3.0;
			};
			name = Debug;
		};
		BCDE509E1DA2857000E18014 /* Release */ = {
			isa = XCBuildConfiguration;
			buildSettings = {
				ASSETCATALOG_COMPILER_APPICON_NAME = AppIcon;
				CODE_SIGN_IDENTITY = "iPhone Developer";
				"CODE_SIGN_IDENTITY[sdk=iphoneos*]" = "iPhone Developer";
				DEVELOPMENT_TEAM = 8926RT4SPA;
				INFOPLIST_FILE = Peter_L1/Info.plist;
				LD_RUNPATH_SEARCH_PATHS = "$(inherited) @executable_path/Frameworks";
				PRODUCT_BUNDLE_IDENTIFIER = "com.wow.Peter-L1";
				PRODUCT_NAME = "$(TARGET_NAME)";
				PROVISIONING_PROFILE = "";
				SWIFT_VERSION = 3.0;
			};
			name = Release;
		};
/* End XCBuildConfiguration section */

/* Begin XCConfigurationList section */
		BCDE50851DA2857000E18014 /* Build configuration list for PBXProject "Peter-L1" */ = {
			isa = XCConfigurationList;
			buildConfigurations = (
				BCDE509A1DA2857000E18014 /* Debug */,
				BCDE509B1DA2857000E18014 /* Release */,
			);
			defaultConfigurationIsVisible = 0;
			defaultConfigurationName = Release;
		};
		BCDE509C1DA2857000E18014 /* Build configuration list for PBXNativeTarget "Peter-L1" */ = {
			isa = XCConfigurationList;
			buildConfigurations = (
				BCDE509D1DA2857000E18014 /* Debug */,
				BCDE509E1DA2857000E18014 /* Release */,
			);
			defaultConfigurationIsVisible = 0;
			defaultConfigurationName = Release;
		};
/* End XCConfigurationList section */
	};
	rootObject = BCDE50821DA2857000E18014 /* Project object */;
}
